PODS:
  - aliPlayer (0.0.1):
    - AliPlayerSDK_iOS
    - Flutter
  - AliPlayerSDK_iOS (5.1.2):
    - AliPlayerSDK_iOS/AliPlayerSDK (= 5.1.2)
  - AliPlayerSDK_iOS/AliPlayerSDK (5.1.2)
  - Flutter (1.0.0)

DEPENDENCIES:
  - aliPlayer (from `.symlinks/plugins/aliPlayer/ios`)
  - Flutter (from `Flutter`)

SPEC REPOS:
  trunk:
    - AliPlayerSDK_iOS

EXTERNAL SOURCES:
  aliPlayer:
    :path: ".symlinks/plugins/aliPlayer/ios"
  Flutter:
    :path: Flutter

SPEC CHECKSUMS:
  aliPlayer: 30cb1bc39d752a8a7f42b3cff7fdecbe16a0c5a1
  AliPlayerSDK_iOS: 535b2c8525e6ec5fb9bcb4d5fd75eda9e3ec0763
  Flutter: 0e3d915762c693b495b44d77113d4970485de6ec

PODFILE CHECKSUM: c34e2287a9ccaa606aeceab922830efb9a6ff69a

COCOAPODS: 1.9.3
